
Microsoft Visual Studio Solution File, Format Version 12.00
# Visual Studio 15
VisualStudioVersion = 15.0.26730.15
MinimumVisualStudioVersion = 10.0.40219.1
Project("{FAE04EC0-301F-11D3-BF4B-00C04F79EFBC}") = "BoatAlarm", "BoatAlarm\BoatAlarm.csproj", "{1ECCA4F1-75D9-4917-8174-9CC3DD3F8BEC}"
EndProject
Global
	GlobalSection(SolutionConfigurationPlatforms) = preSolution
		Debug|Any CPU = Debug|Any CPU
		Release|Any CPU = Release|Any CPU
	EndGlobalSection
	GlobalSection(ProjectConfigurationPlatforms) = postSolution
		{1ECCA4F1-75D9-4917-8174-9CC3DD3F8BEC}.Debug|Any CPU.ActiveCfg = Debug|Any CPU
		{1ECCA4F1-75D9-4917-8174-9CC3DD3F8BEC}.Debug|Any CPU.Build.0 = Debug|Any CPU
		{1ECCA4F1-75D9-4917-8174-9CC3DD3F8BEC}.Release|Any CPU.ActiveCfg = Release|Any CPU
		{1ECCA4F1-75D9-4917-8174-9CC3DD3F8BEC}.Release|Any CPU.Build.0 = Release|Any CPU
	EndGlobalSection
	GlobalSection(SolutionProperties) = preSolution
		HideSolutionNode = FALSE
	EndGlobalSection
	GlobalSection(ExtensibilityGlobals) = postSolution
		SolutionGuid = {06AE0884-88B9-4644-AF9B-E606CDE8A63A}
	EndGlobalSection
EndGlobal
